PODS:
  - AFNetworking (3.2.1):
    - AFNetworking/NSURLSession (= 3.2.1)
    - AFNetworking/Reachability (= 3.2.1)
    - AFNetworking/Security (= 3.2.1)
    - AFNetworking/Serialization (= 3.2.1)
    - AFNetworking/UIKit (= 3.2.1)
  - AFNetworking/NSURLSession (3.2.1):
    - AFNetworking/Reachability
    - AFNetworking/Security
    - AFNetworking/Serialization
  - AFNetworking/Reachability (3.2.1)
  - AFNetworking/Security (3.2.1)
  - AFNetworking/Serialization (3.2.1)
  - AFNetworking/UIKit (3.2.1):
    - AFNetworking/NSURLSession
  - BDUIKit (1.0.7):
    - AFNetworking
    - BDUIKit/UIButton (= 1.0.7)
    - BDUIKit/UIImage (= 1.0.7)
    - BDUIKit/UIView (= 1.0.7)
  - BDUIKit/UIButton (1.0.7):
    - AFNetworking
  - BDUIKit/UIImage (1.0.7):
    - AFNetworking
  - BDUIKit/UIView (1.0.7):
    - AFNetworking

DEPENDENCIES:
  - BDUIKit (from `../`)

SPEC REPOS:
  https://github.com/cocoapods/specs.git:
    - AFNetworking

EXTERNAL SOURCES:
  BDUIKit:
    :path: "../"

SPEC CHECKSUMS:
  AFNetworking: b6f891fdfaed196b46c7a83cf209e09697b94057
  BDUIKit: 7308e2f746c881c32d07bfd7ac4f08d9eaa20f4c

PODFILE CHECKSUM: a9a368368645ddb8dbad4ec6b0e94db8d33b295f

COCOAPODS: 1.7.0
