PODS:
  - AFNetworking (3.2.1):
    - AFNetworking/NSURLSession (= 3.2.1)
    - AFNetworking/Reachability (= 3.2.1)
    - AFNetworking/Security (= 3.2.1)
    - AFNetworking/Serialization (= 3.2.1)
    - AFNetworking/UIKit (= 3.2.1)
  - AFNetworking/NSURLSession (3.2.1):
    - AFNetworking/Reachability
    - AFNetworking/Security
    - AFNetworking/Serialization
  - AFNetworking/Reachability (3.2.1)
  - AFNetworking/Security (3.2.1)
  - AFNetworking/Serialization (3.2.1)
  - AFNetworking/UIKit (3.2.1):
    - AFNetworking/NSURLSession
  - BDFoundation (0.0.1)
  - BDUIKit (1.0.8):
    - AFNetworking
    - BDUIKit/UIButton (= 1.0.8)
    - BDUIKit/UIImage (= 1.0.8)
    - BDUIKit/UIView (= 1.0.8)
  - BDUIKit/UIButton (1.0.8):
    - AFNetworking
  - BDUIKit/UIImage (1.0.8):
    - AFNetworking
  - BDUIKit/UIView (1.0.8):
    - AFNetworking

DEPENDENCIES:
  - BDFoundation
  - BDUIKit

SPEC REPOS:
  https://github.com/cocoapods/specs.git:
    - AFNetworking
  https://github.com/heng1207/modules.git:
    - BDFoundation
    - BDUIKit

SPEC CHECKSUMS:
  AFNetworking: b6f891fdfaed196b46c7a83cf209e09697b94057
  BDFoundation: 9387f35cbc48d7998fa2aed1441d88fd5e043431
  BDUIKit: c53528e2f7e081d3071868f942488fecd4493268

PODFILE CHECKSUM: 419db2d4f0b4d74e95711d39d559599045a631f1

COCOAPODS: 1.7.0
